{
  "name": "scoursh-bulk-demo-project",
  "version": "1.0.0",
  "lockfileVersion": 3,
  "requires": true,
  "packages": {
    "": {
      "name": "scoursh-bulk-demo-project",
      "version": "1.0.0",
      "dependencies": {
        "bulk-fixture-alpha": "^1.0.0",
        "@bulk-scope/beta": "^2.0.0"
      }
    },
    "node_modules/bulk-fixture-alpha": {
      "version": "1.0.0",
      "resolved": "https://registry.npmjs.org/bulk-fixture-alpha/-/bulk-fixture-alpha-1.0.0.tgz",
      "license": "MIT"
    },
    "node_modules/@bulk-scope/beta": {
      "version": "2.0.0",
      "resolved": "https://registry.npmjs.org/@bulk-scope/beta/-/beta-2.0.0.tgz",
      "license": "MIT"
    },
    "node_modules/bulk-fixture-gamma": {
      "version": "3.5.0",
      "resolved": "https://registry.npmjs.org/bulk-fixture-gamma/-/bulk-fixture-gamma-3.5.0.tgz",
      "license": "MIT"
    },
    "node_modules/bulk-fixture-clean": {
      "version": "1.0.0",
      "resolved": "https://registry.npmjs.org/bulk-fixture-clean/-/bulk-fixture-clean-1.0.0.tgz",
      "license": "MIT"
    }
  }
}
