{
  "name": "sca-fixture-npm-lock",
  "version": "1.0.0",
  "lockfileVersion": 3,
  "requires": true,
  "packages": {
    "": {
      "name": "sca-fixture-npm-lock",
      "version": "1.0.0",
      "dependencies": {
        "@scope/pkg": "^1.0.0",
        "left-pad": "^1.3.0"
      }
    },
    "node_modules/@scope/pkg": {
      "version": "1.0.0",
      "resolved": "https://registry.npmjs.org/@scope/pkg/-/pkg-1.0.0.tgz",
      "license": "MIT"
    },
    "node_modules/left-pad": {
      "version": "1.3.0",
      "resolved": "https://registry.npmjs.org/left-pad/-/left-pad-1.3.0.tgz",
      "license": "WTFPL"
    },
    "node_modules/lodash": {
      "version": "4.17.99",
      "resolved": "https://registry.npmjs.org/lodash/-/lodash-4.17.99.tgz",
      "license": "MIT"
    },
    "node_modules/minimist": {
      "version": "1.2.5",
      "resolved": "https://registry.npmjs.org/minimist/-/minimist-1.2.5.tgz",
      "license": "MIT"
    },
    "node_modules/left-pad/node_modules/nested-thing": {
      "version": "9.9.9",
      "resolved": "https://registry.npmjs.org/nested-thing/-/nested-thing-9.9.9.tgz",
      "license": "MIT"
    },
    "node_modules/left-pad/node_modules/minimist": {
      "version": "9.9.9",
      "resolved": "https://registry.npmjs.org/minimist/-/minimist-9.9.9.tgz",
      "license": "MIT"
    }
  }
}
