github.com/pkg/errors v0.9.1 h1:FEBLx1zS214owpjy7qsBeixbURkuhQAwrK5UwLGTwt4=
github.com/pkg/errors v0.9.1/go.mod h1:bwawxfHBFNV+L2hUp1rHADufV3IMtnDRdf1r5NINEl0=
github.com/vulnerable/incompatible/v3 v3.2.1+incompatible h1:FAKEHASHA=
github.com/vulnerable/incompatible/v3 v3.2.1+incompatible/go.mod h1:FAKEHASHAMOD=
github.com/no-fix/pkg v1.0.0 h1:FAKEHASHB=
github.com/no-fix/pkg v1.0.0/go.mod h1:FAKEHASHBMOD=
github.com/unknown-version/pkg v1.0.0 h1:FAKEHASHC=
github.com/unknown-version/pkg v1.0.0/go.mod h1:FAKEHASHCMOD=
github.com/only-in-sum/pkg v9.9.9 h1:FAKEHASHD=
github.com/only-in-sum/pkg v9.9.9/go.mod h1:FAKEHASHDMOD=
