{
    "_meta": {
        "hash": {
            "sha256": "deadbeefdeadbeefdeadbeefdeadbeefdeadbeefdeadbeefdeadbeefdeadbeef"
        },
        "pipfile-spec": 6,
        "requires": {
            "python_version": "3.9"
        },
        "sources": [
            {
                "name": "pypi",
                "url": "https://pypi.org/simple",
                "verify_ssl": true
            }
        ]
    },
    "default": {
        "django": {
            "hashes": [
                "sha256:aaaaaaaaaaaaaaaaaaaaaaaaaaaaaaaaaaaaaaaaaaaaaaaaaaaaaaaaaaaaaaaa"
            ],
            "version": "==1.11.1"
        },
        "pytz": {
            "hashes": [
                "sha256:bbbbbbbbbbbbbbbbbbbbbbbbbbbbbbbbbbbbbbbbbbbbbbbbbbbbbbbbbbbbbbbb"
            ],
            "version": "==2016.10"
        }
    },
    "develop": {
        "pytest": {
            "hashes": [
                "sha256:cccccccccccccccccccccccccccccccccccccccccccccccccccccccccccccc"
            ],
            "version": "==6.2.5"
        }
    }
}
